
Microsoft Visual Studio Solution File, Format Version 12.00
# Visual Studio Version 16
VisualStudioVersion = 16.0.28803.352
MinimumVisualStudioVersion = 10.0.40219.1
Project("{FAE04EC0-301F-11D3-BF4B-00C04F79EFBC}") = "GUI_Modernista", "GUI_Modernista.csproj", "{B6BDA824-DCF9-487F-98D1-66DB068967F3}"
EndProject
Global
	GlobalSection(SolutionConfigurationPlatforms) = preSolution
		Debug|Any CPU = Debug|Any CPU
		Release|Any CPU = Release|Any CPU
	EndGlobalSection
	GlobalSection(ProjectConfigurationPlatforms) = postSolution
		{B6BDA824-DCF9-487F-98D1-66DB068967F3}.Debug|Any CPU.ActiveCfg = Debug|Any CPU
		{B6BDA824-DCF9-487F-98D1-66DB068967F3}.Debug|Any CPU.Build.0 = Debug|Any CPU
		{B6BDA824-DCF9-487F-98D1-66DB068967F3}.Release|Any CPU.ActiveCfg = Release|Any CPU
		{B6BDA824-DCF9-487F-98D1-66DB068967F3}.Release|Any CPU.Build.0 = Release|Any CPU
	EndGlobalSection
	GlobalSection(SolutionProperties) = preSolution
		HideSolutionNode = FALSE
	EndGlobalSection
	GlobalSection(ExtensibilityGlobals) = postSolution
		SolutionGuid = {0715EAEA-BE71-47C6-A66A-CEC300B020B5}
	EndGlobalSection
EndGlobal
